{
    "name": "node-red-project",
    "version": "0.0.1",
    "lockfileVersion": 3,
    "requires": true,
    "packages": {
        "": {
            "name": "node-red-project",
            "version": "0.0.1",
            "dependencies": {
                "i2c-bus": "^5.2.2",
                "node-red-contrib-boolean-logic": "~0.0.3",
                "node-red-contrib-simple-gate": "~0.5.2",
                "node-red-contrib-sm-8relind": "file:../8relind-rpi/node-red-contrib-sm-8relind",
                "node-red-contrib-sm-bas": "file:../megabas-rpi/node-red-contrib-sm-bas",
                "node-red-contrib-toggle": "~0.1.1",
                "node-red-contrib-ui-clock": "~1.0.2",
                "node-red-contrib-ui-led": "~0.4.11",
                "node-red-contrib-ui-time-scheduler": "~1.17.2",
                "node-red-contrib-unit-converter": "~0.0.3",
                "node-red-dashboard": "~3.4.0"
            }
        },
        "../8relind-rpi/node-red-contrib-sm-8relind": {
            "version": "1.0.3",
            "license": "MIT",
            "dependencies": {
                "i2c-bus": "^5.2.0"
            }
        },
        "../megabas-rpi/node-red-contrib-sm-bas": {
            "version": "1.0.1",
            "license": "MIT",
            "dependencies": {
                "i2c-bus": "^5.2.0"
            }
        },
        "node_modules/@socket.io/component-emitter": {
            "version": "3.1.0",
            "resolved": "https://registry.npmjs.org/@socket.io/component-emitter/-/component-emitter-3.1.0.tgz",
            "integrity": "sha512-+9jVqKhRSpsc591z5vX+X5Yyw+he/HCB4iQ/RYxw35CEPaY1gnsNE43nf9n9AaYjAQrTiI/mOwKUKdUs9vf7Xg=="
        },
        "node_modules/@types/cookie": {
            "version": "0.4.1",
            "resolved": "https://registry.npmjs.org/@types/cookie/-/cookie-0.4.1.tgz",
            "integrity": "sha512-XW/Aa8APYr6jSVVA1y/DEIZX0/GMKLEVekNG727R8cs56ahETkRAy/3DR7+fJyh7oUgGwNQaRfXCun0+KbWY7Q=="
        },
        "node_modules/@types/cors": {
            "version": "2.8.13",
            "resolved": "https://registry.npmjs.org/@types/cors/-/cors-2.8.13.tgz",
            "integrity": "sha512-RG8AStHlUiV5ysZQKq97copd2UmVYw3/pRMLefISZ3S1hK104Cwm7iLQ3fTKx+lsUH2CE8FlLaYeEA2LSeqYUA==",
            "dependencies": {
                "@types/node": "*"
            }
        },
        "node_modules/@types/node": {
            "version": "18.15.5",
            "resolved": "https://registry.npmjs.org/@types/node/-/node-18.15.5.tgz",
            "integrity": "sha512-Ark2WDjjZO7GmvsyFFf81MXuGTA/d6oP38anyxWOL6EREyBKAxKoFHwBhaZxCfLRLpO8JgVXwqOwSwa7jRcjew=="
        },
        "node_modules/accepts": {
            "version": "1.3.8",
            "resolved": "https://registry.npmjs.org/accepts/-/accepts-1.3.8.tgz",
            "integrity": "sha512-PYAthTa2m2VKxuvSD3DPC/Gy+U+sOA1LAuT8mkmRuvw+NACSaeXEQ+NHcVF7rONl6qcaxV3Uuemwawk+7+SJLw==",
            "dependencies": {
                "mime-types": "~2.1.34",
                "negotiator": "0.6.3"
            },
            "engines": {
                "node": ">= 0.6"
            }
        },
        "node_modules/base64id": {
            "version": "2.0.0",
            "resolved": "https://registry.npmjs.org/base64id/-/base64id-2.0.0.tgz",
            "integrity": "sha512-lGe34o6EHj9y3Kts9R4ZYs/Gr+6N7MCaMlIFA3F1R2O5/m7K06AxfSeO5530PEERE6/WyEg3lsuyw4GHlPZHog==",
            "engines": {
                "node": "^4.5.0 || >= 5.9"
            }
        },
        "node_modules/bindings": {
            "version": "1.5.0",
            "resolved": "https://registry.npmjs.org/bindings/-/bindings-1.5.0.tgz",
            "integrity": "sha512-p2q/t/mhvuOj/UeLlV6566GD/guowlr0hHxClI0W9m7MWYkL1F0hLo+0Aexs9HSPCtR1SXQ0TD3MMKrXZajbiQ==",
            "dependencies": {
                "file-uri-to-path": "1.0.0"
            }
        },
        "node_modules/bytes": {
            "version": "3.0.0",
            "resolved": "https://registry.npmjs.org/bytes/-/bytes-3.0.0.tgz",
            "integrity": "sha512-pMhOfFDPiv9t5jjIXkHosWmkSyQbvsgEVNkz0ERHbuLh2T/7j4Mqqpz523Fe8MVY89KC6Sh/QfS2sM+SjgFDcw==",
            "engines": {
                "node": ">= 0.8"
            }
        },
        "node_modules/compressible": {
            "version": "2.0.18",
            "resolved": "https://registry.npmjs.org/compressible/-/compressible-2.0.18.tgz",
            "integrity": "sha512-AF3r7P5dWxL8MxyITRMlORQNaOA2IkAFaTr4k7BUumjPtRpGDTZpl0Pb1XCO6JeDCBdp126Cgs9sMxqSjgYyRg==",
            "dependencies": {
                "mime-db": ">= 1.43.0 < 2"
            },
            "engines": {
                "node": ">= 0.6"
            }
        },
        "node_modules/compression": {
            "version": "1.7.4",
            "resolved": "https://registry.npmjs.org/compression/-/compression-1.7.4.tgz",
            "integrity": "sha512-jaSIDzP9pZVS4ZfQ+TzvtiWhdpFhE2RDHz8QJkpX9SIpLq88VueF5jJw6t+6CUQcAoA6t+x89MLrWAqpfDE8iQ==",
            "dependencies": {
                "accepts": "~1.3.5",
                "bytes": "3.0.0",
                "compressible": "~2.0.16",
                "debug": "2.6.9",
                "on-headers": "~1.0.2",
                "safe-buffer": "5.1.2",
                "vary": "~1.1.2"
            },
            "engines": {
                "node": ">= 0.8.0"
            }
        },
        "node_modules/convert-units": {
            "version": "2.3.4",
            "resolved": "https://registry.npmjs.org/convert-units/-/convert-units-2.3.4.tgz",
            "integrity": "sha512-ERHfdA0UhHJp1IpwE6PnFJx8LqG7B1ZjJ20UvVCmopEnVCfER68Tbe3kvN63dLbYXDA2xFWRE6zd4Wsf0w7POg==",
            "dependencies": {
                "lodash.foreach": "2.3.x",
                "lodash.keys": "2.3.x"
            }
        },
        "node_modules/cookie": {
            "version": "0.4.2",
            "resolved": "https://registry.npmjs.org/cookie/-/cookie-0.4.2.tgz",
            "integrity": "sha512-aSWTXFzaKWkvHO1Ny/s+ePFpvKsPnjc551iI41v3ny/ow6tBG5Vd+FuqGNhh1LxOmVzOlGUriIlOaokOvhaStA==",
            "engines": {
                "node": ">= 0.6"
            }
        },
        "node_modules/cors": {
            "version": "2.8.5",
            "resolved": "https://registry.npmjs.org/cors/-/cors-2.8.5.tgz",
            "integrity": "sha512-KIHbLJqu73RGr/hnbrO9uBeixNGuvSQjul/jdFvS/KFSIH1hWVd1ng7zOHx+YrEfInLG7q4n6GHQ9cDtxv/P6g==",
            "dependencies": {
                "object-assign": "^4",
                "vary": "^1"
            },
            "engines": {
                "node": ">= 0.10"
            }
        },
        "node_modules/debug": {
            "version": "2.6.9",
            "resolved": "https://registry.npmjs.org/debug/-/debug-2.6.9.tgz",
            "integrity": "sha512-bC7ElrdJaJnPbAP+1EotYvqZsb3ecl5wi6Bfi6BJTUcNowp6cvspg0jXznRTKDjm/E7AdgFBVeAPVMNcKGsHMA==",
            "dependencies": {
                "ms": "2.0.0"
            }
        },
        "node_modules/depd": {
            "version": "2.0.0",
            "resolved": "https://registry.npmjs.org/depd/-/depd-2.0.0.tgz",
            "integrity": "sha512-g7nH6P6dyDioJogAAGprGpCtVImJhpPk/roCzdb3fIh61/s/nPsfR6onyMwkCAR/OlC3yBC0lESvUoQEAssIrw==",
            "engines": {
                "node": ">= 0.8"
            }
        },
        "node_modules/destroy": {
            "version": "1.2.0",
            "resolved": "https://registry.npmjs.org/destroy/-/destroy-1.2.0.tgz",
            "integrity": "sha512-2sJGJTaXIIaR1w4iJSNoN0hnMY7Gpc/n8D4qSCJw8QqFWXf7cuAgnEHxBpweaVcPevC2l3KpjYCx3NypQQgaJg==",
            "engines": {
                "node": ">= 0.8",
                "npm": "1.2.8000 || >= 1.4.16"
            }
        },
        "node_modules/ee-first": {
            "version": "1.1.1",
            "resolved": "https://registry.npmjs.org/ee-first/-/ee-first-1.1.1.tgz",
            "integrity": "sha512-WMwm9LhRUo+WUaRN+vRuETqG89IgZphVSNkdFgeb6sS/E4OrDIN7t48CAewSHXc6C8lefD8KKfr5vY61brQlow=="
        },
        "node_modules/encodeurl": {
            "version": "1.0.2",
            "resolved": "https://registry.npmjs.org/encodeurl/-/encodeurl-1.0.2.tgz",
            "integrity": "sha512-TPJXq8JqFaVYm2CWmPvnP2Iyo4ZSM7/QKcSmuMLDObfpH5fi7RUGmd/rTDf+rut/saiDiQEeVTNgAmJEdAOx0w==",
            "engines": {
                "node": ">= 0.8"
            }
        },
        "node_modules/engine.io": {
            "version": "6.4.1",
            "resolved": "https://registry.npmjs.org/engine.io/-/engine.io-6.4.1.tgz",
            "integrity": "sha512-JFYQurD/nbsA5BSPmbaOSLa3tSVj8L6o4srSwXXY3NqE+gGUNmmPTbhn8tjzcCtSqhFgIeqef81ngny8JM25hw==",
            "dependencies": {
                "@types/cookie": "^0.4.1",
                "@types/cors": "^2.8.12",
                "@types/node": ">=10.0.0",
                "accepts": "~1.3.4",
                "base64id": "2.0.0",
                "cookie": "~0.4.1",
                "cors": "~2.8.5",
                "debug": "~4.3.1",
                "engine.io-parser": "~5.0.3",
                "ws": "~8.11.0"
            },
            "engines": {
                "node": ">=10.0.0"
            }
        },
        "node_modules/engine.io-parser": {
            "version": "5.0.6",
            "resolved": "https://registry.npmjs.org/engine.io-parser/-/engine.io-parser-5.0.6.tgz",
            "integrity": "sha512-tjuoZDMAdEhVnSFleYPCtdL2GXwVTGtNjoeJd9IhIG3C1xs9uwxqRNEu5WpnDZCaozwVlK/nuQhpodhXSIMaxw==",
            "engines": {
                "node": ">=10.0.0"
            }
        },
        "node_modules/engine.io/node_modules/debug": {
            "version": "4.3.4",
            "resolved": "https://registry.npmjs.org/debug/-/debug-4.3.4.tgz",
            "integrity": "sha512-PRWFHuSU3eDtQJPvnNY7Jcket1j0t5OuOsFzPPzsekD52Zl8qUfFIPEiswXqIvHWGVHOgX+7G/vCNNhehwxfkQ==",
            "dependencies": {
                "ms": "2.1.2"
            },
            "engines": {
                "node": ">=6.0"
            },
            "peerDependenciesMeta": {
                "supports-color": {
                    "optional": true
                }
            }
        },
        "node_modules/engine.io/node_modules/ms": {
            "version": "2.1.2",
            "resolved": "https://registry.npmjs.org/ms/-/ms-2.1.2.tgz",
            "integrity": "sha512-sGkPx+VjMtmA6MX27oA4FBFELFCZZ4S4XqeGOXCv68tT+jb3vk/RyaKWP0PTKyWtmLSM0b+adUTEvbs1PEaH2w=="
        },
        "node_modules/escape-html": {
            "version": "1.0.3",
            "resolved": "https://registry.npmjs.org/escape-html/-/escape-html-1.0.3.tgz",
            "integrity": "sha512-NiSupZ4OeuGwr68lGIeym/ksIZMJodUGOSCZ/FSnTxcrekbvqrgdUxlJOMpijaKZVjAJrWrGs/6Jy8OMuyj9ow=="
        },
        "node_modules/etag": {
            "version": "1.8.1",
            "resolved": "https://registry.npmjs.org/etag/-/etag-1.8.1.tgz",
            "integrity": "sha512-aIL5Fx7mawVa300al2BnEE4iNvo1qETxLrPI/o05L7z6go7fCw1J6EQmbK4FmJ2AS7kgVF/KEZWufBfdClMcPg==",
            "engines": {
                "node": ">= 0.6"
            }
        },
        "node_modules/file-uri-to-path": {
            "version": "1.0.0",
            "resolved": "https://registry.npmjs.org/file-uri-to-path/-/file-uri-to-path-1.0.0.tgz",
            "integrity": "sha512-0Zt+s3L7Vf1biwWZ29aARiVYLx7iMGnEUl9x33fbB/j3jR81u/O2LbqK+Bm1CDSNDKVtJ/YjwY7TUd5SkeLQLw=="
        },
        "node_modules/fresh": {
            "version": "0.5.2",
            "resolved": "https://registry.npmjs.org/fresh/-/fresh-0.5.2.tgz",
            "integrity": "sha512-zJ2mQYM18rEFOudeV4GShTGIQ7RbzA7ozbU9I/XBpm7kqgMywgmylMwXHxZJmkVoYkna9d2pVXVXPdYTP9ej8Q==",
            "engines": {
                "node": ">= 0.6"
            }
        },
        "node_modules/gridstack": {
            "version": "0.6.4",
            "resolved": "https://registry.npmjs.org/gridstack/-/gridstack-0.6.4.tgz",
            "integrity": "sha512-4ToCnneNg5Uw+ms3xHtPVvsNXdvwQhngdlyNgGkARwvooQu+gLL6xkwPqLU59TsZP/LVvofb2QhEuXyh/ocL8w==",
            "dependencies": {
                "jquery": "^1.8 || 2 || 3"
            }
        },
        "node_modules/http-errors": {
            "version": "2.0.0",
            "resolved": "https://registry.npmjs.org/http-errors/-/http-errors-2.0.0.tgz",
            "integrity": "sha512-FtwrG/euBzaEjYeRqOgly7G0qviiXoJWnvEH2Z1plBdXgbyjv34pHTSb9zoeHMyDy33+DWy5Wt9Wo+TURtOYSQ==",
            "dependencies": {
                "depd": "2.0.0",
                "inherits": "2.0.4",
                "setprototypeof": "1.2.0",
                "statuses": "2.0.1",
                "toidentifier": "1.0.1"
            },
            "engines": {
                "node": ">= 0.8"
            }
        },
        "node_modules/i2c-bus": {
            "version": "5.2.2",
            "resolved": "https://registry.npmjs.org/i2c-bus/-/i2c-bus-5.2.2.tgz",
            "integrity": "sha512-b2y/et08rqggEjqod6QxV0Ng+RlSkZXsdE+E1aZEQBahepZ9uFD9XfA77Y8O9SgyhwfGEn+CNxsw0gvXW1/m4g==",
            "hasInstallScript": true,
            "dependencies": {
                "bindings": "^1.5.0",
                "nan": "^2.14.2"
            },
            "engines": {
                "node": ">=10.0.0"
            }
        },
        "node_modules/inherits": {
            "version": "2.0.4",
            "resolved": "https://registry.npmjs.org/inherits/-/inherits-2.0.4.tgz",
            "integrity": "sha512-k/vGaX4/Yla3WzyMCvTQOXYeIHvqOKtnqBduzTHpzpQZzAskKMhZ2K+EnBiSM9zGSoIFeMpXKxa4dYeZIQqewQ=="
        },
        "node_modules/jquery": {
            "version": "3.6.4",
            "resolved": "https://registry.npmjs.org/jquery/-/jquery-3.6.4.tgz",
            "integrity": "sha512-v28EW9DWDFpzcD9O5iyJXg3R3+q+mET5JhnjJzQUZMHOv67bpSIHq81GEYpPNZHG+XXHsfSme3nxp/hndKEcsQ=="
        },
        "node_modules/lodash._basebind": {
            "version": "2.3.0",
            "resolved": "https://registry.npmjs.org/lodash._basebind/-/lodash._basebind-2.3.0.tgz",
            "integrity": "sha512-SHqM7YCuJ+BeGTs7lqpWnmdHEeF4MWxS3dksJctHFNxR81FXPOzA4bS5Vs5CpcGTkBpM8FCl+YEbQEblRw8ABg==",
            "dependencies": {
                "lodash._basecreate": "~2.3.0",
                "lodash._setbinddata": "~2.3.0",
                "lodash.isobject": "~2.3.0"
            }
        },
        "node_modules/lodash._basecreate": {
            "version": "2.3.0",
            "resolved": "https://registry.npmjs.org/lodash._basecreate/-/lodash._basecreate-2.3.0.tgz",
            "integrity": "sha512-vwZaWldZwS2y9b99D8i9+WtgiZXbHKsBsMrpxJEqTsNW20NhJo5W8PBQkeQO9CmxuqEYn8UkMnfEM2MMT4cVrw==",
            "dependencies": {
                "lodash._renative": "~2.3.0",
                "lodash.isobject": "~2.3.0",
                "lodash.noop": "~2.3.0"
            }
        },
        "node_modules/lodash._basecreatecallback": {
            "version": "2.3.0",
            "resolved": "https://registry.npmjs.org/lodash._basecreatecallback/-/lodash._basecreatecallback-2.3.0.tgz",
            "integrity": "sha512-Ev+pDzzfVfgbiucpXijconLGRBar7/+KNCf05kSnk4CmdDVhAy1RdbU9efCJ/o9GXI08JdUGwZ+5QJ3QX3kj0g==",
            "dependencies": {
                "lodash._setbinddata": "~2.3.0",
                "lodash.bind": "~2.3.0",
                "lodash.identity": "~2.3.0",
                "lodash.support": "~2.3.0"
            }
        },
        "node_modules/lodash._basecreatewrapper": {
            "version": "2.3.0",
            "resolved": "https://registry.npmjs.org/lodash._basecreatewrapper/-/lodash._basecreatewrapper-2.3.0.tgz",
            "integrity": "sha512-YLycQ7k8AB9Wc1EOvLNxuRWcqipDkMXq2GCgnLWQR6qtgTb3gY3LELzEpnFshrEO4LOLs+R2EpcY+uCOZaLQ8Q==",
            "dependencies": {
                "lodash._basecreate": "~2.3.0",
                "lodash._setbinddata": "~2.3.0",
                "lodash._slice": "~2.3.0",
                "lodash.isobject": "~2.3.0"
            }
        },
        "node_modules/lodash._createwrapper": {
            "version": "2.3.0",
            "resolved": "https://registry.npmjs.org/lodash._createwrapper/-/lodash._createwrapper-2.3.0.tgz",
            "integrity": "sha512-XjaI/rzg9W+WO4WJDQ+PRlHD5sAMJ1RhJLuT65cBxLCb1kIYs4U20jqvTDGAWyVT3c34GYiLd9AreHYuB/8yJA==",
            "dependencies": {
                "lodash._basebind": "~2.3.0",
                "lodash._basecreatewrapper": "~2.3.0",
                "lodash.isfunction": "~2.3.0"
            }
        },
        "node_modules/lodash._objecttypes": {
            "version": "2.3.0",
            "resolved": "https://registry.npmjs.org/lodash._objecttypes/-/lodash._objecttypes-2.3.0.tgz",
            "integrity": "sha512-jbA6QyHt9cw3BzvbWzIcnU3Z12jSneT6xBgz3Y782CJsN1tV5aTBKrFo2B4AkeHBNaxSrbPYZZpi1Lwj3xjdtg=="
        },
        "node_modules/lodash._renative": {
            "version": "2.3.0",
            "resolved": "https://registry.npmjs.org/lodash._renative/-/lodash._renative-2.3.0.tgz",
            "integrity": "sha512-v44MRirqYqZGK/h5UKoVqXWF2L+LUiLTU+Ogu5rHRVWJUA1uWIlHaMpG8f/OA8j++BzPMQij9+erXHtgFcbuwg=="
        },
        "node_modules/lodash._setbinddata": {
            "version": "2.3.0",
            "resolved": "https://registry.npmjs.org/lodash._setbinddata/-/lodash._setbinddata-2.3.0.tgz",
            "integrity": "sha512-xMFfbF7dL+sFtrdE49uHFmfpBAEwlFtfgMp86nQRlAF6aizYL+3MTbnYMKJSkP1W501PhsgiBED5kBbZd8kR2g==",
            "dependencies": {
                "lodash._renative": "~2.3.0",
                "lodash.noop": "~2.3.0"
            }
        },
        "node_modules/lodash._shimkeys": {
            "version": "2.3.0",
            "resolved": "https://registry.npmjs.org/lodash._shimkeys/-/lodash._shimkeys-2.3.0.tgz",
            "integrity": "sha512-9Iuyi7TiWMGa/9+2rqEE+Zwye4b/U2w7Saw6UX1h6Xs88mEER+uz9FZcEBPKMVKsad9Pw5GNAcIBRnW2jNpneQ==",
            "dependencies": {
                "lodash._objecttypes": "~2.3.0"
            }
        },
        "node_modules/lodash._slice": {
            "version": "2.3.0",
            "resolved": "https://registry.npmjs.org/lodash._slice/-/lodash._slice-2.3.0.tgz",
            "integrity": "sha512-7C61GhzRUv36gTafr+RIb+AomCAYsSATEoK4OP0VkNBcwvsM022Z22AVgqjjzikeNO1U29LzsJZDvLbiNPUYvA=="
        },
        "node_modules/lodash.bind": {
            "version": "2.3.0",
            "resolved": "https://registry.npmjs.org/lodash.bind/-/lodash.bind-2.3.0.tgz",
            "integrity": "sha512-goakyOo+FMN8lttMPnZ0UNlr5RlzX4IrUXyTJPT2A0tGCMXySupond9wzvDqTvVmYTcQjIKGrj8naJDS2xWAlQ==",
            "dependencies": {
                "lodash._createwrapper": "~2.3.0",
                "lodash._renative": "~2.3.0",
                "lodash._slice": "~2.3.0"
            }
        },
        "node_modules/lodash.foreach": {
            "version": "2.3.0",
            "resolved": "https://registry.npmjs.org/lodash.foreach/-/lodash.foreach-2.3.0.tgz",
            "integrity": "sha512-yLnyptVRJd0//AbGp480grgQG9iaDIV5uOgSbpurRy1dYybPbjNTLQ3FyLEQ84buVLPG7jyaiyvpzgfOutRB3Q==",
            "dependencies": {
                "lodash._basecreatecallback": "~2.3.0",
                "lodash.forown": "~2.3.0"
            }
        },
        "node_modules/lodash.forown": {
            "version": "2.3.0",
            "resolved": "https://registry.npmjs.org/lodash.forown/-/lodash.forown-2.3.0.tgz",
            "integrity": "sha512-dUnCsuQTtq3Y7bxPNoEEqjJjPL2ftLtcz2PTeRKvhbpdM514AvnqCjewHGsm/W+dwspIwa14KoWEZeizJ7smxA==",
            "dependencies": {
                "lodash._basecreatecallback": "~2.3.0",
                "lodash._objecttypes": "~2.3.0",
                "lodash.keys": "~2.3.0"
            }
        },
        "node_modules/lodash.identity": {
            "version": "2.3.0",
            "resolved": "https://registry.npmjs.org/lodash.identity/-/lodash.identity-2.3.0.tgz",
            "integrity": "sha512-NYJ2r2cwy3tkx/saqbIZEX6oQUzjWTnGRu7d/zmBjMCZos3eHBxCpbvWFWSetv8jFVrptsp6EbWjzNgBKhUoOA=="
        },
        "node_modules/lodash.isfunction": {
            "version": "2.3.0",
            "resolved": "https://registry.npmjs.org/lodash.isfunction/-/lodash.isfunction-2.3.0.tgz",
            "integrity": "sha512-X5lteBYlCrVO7Qc00fxP8W90fzRp6Ax9XcHANmU3OsZHdSyIVZ9ZlX5QTTpRq8aGY+9I5Rmd0UTzTIIyWPugEQ=="
        },
        "node_modules/lodash.isobject": {
            "version": "2.3.0",
            "resolved": "https://registry.npmjs.org/lodash.isobject/-/lodash.isobject-2.3.0.tgz",
            "integrity": "sha512-jo1pfV61C4TE8BfEzqaHj6EIKiSkFANJrB6yscwuCJMSRw5tbqjk4Gv7nJzk4Z6nFKobZjGZ8Qd41vmnwgeQqQ==",
            "dependencies": {
                "lodash._objecttypes": "~2.3.0"
            }
        },
        "node_modules/lodash.keys": {
            "version": "2.3.0",
            "resolved": "https://registry.npmjs.org/lodash.keys/-/lodash.keys-2.3.0.tgz",
            "integrity": "sha512-c0UW0ffqMxSCtoVbmVt2lERJLkEqgoOn2ejPsWXzr0ZrqRbl3uruGgwHzhtqXxi6K/ei3Ey7zimOqSwXgzazPg==",
            "dependencies": {
                "lodash._renative": "~2.3.0",
                "lodash._shimkeys": "~2.3.0",
                "lodash.isobject": "~2.3.0"
            }
        },
        "node_modules/lodash.noop": {
            "version": "2.3.0",
            "resolved": "https://registry.npmjs.org/lodash.noop/-/lodash.noop-2.3.0.tgz",
            "integrity": "sha512-NpSm8HRm1WkBBWHUveDukLF4Kfb5P5E3fjHc9Qre9A11nNubozLWD2wH3UBTZbu+KSuX8aSUvy9b+PUyEceJ8g=="
        },
        "node_modules/lodash.support": {
            "version": "2.3.0",
            "resolved": "https://registry.npmjs.org/lodash.support/-/lodash.support-2.3.0.tgz",
            "integrity": "sha512-etc7VWbB0U3Iya8ixj2xy4sDBN3jvPX7ODi8iXtn4KkkjNpdngrdc7Vlt5jub/Vgqx6/dWtp7Ml9awhCQPYKGQ==",
            "dependencies": {
                "lodash._renative": "~2.3.0"
            }
        },
        "node_modules/mime": {
            "version": "1.6.0",
            "resolved": "https://registry.npmjs.org/mime/-/mime-1.6.0.tgz",
            "integrity": "sha512-x0Vn8spI+wuJ1O6S7gnbaQg8Pxh4NNHb7KSINmEWKiPE4RKOplvijn+NkmYmmRgP68mc70j2EbeTFRsrswaQeg==",
            "bin": {
                "mime": "cli.js"
            },
            "engines": {
                "node": ">=4"
            }
        },
        "node_modules/mime-db": {
            "version": "1.52.0",
            "resolved": "https://registry.npmjs.org/mime-db/-/mime-db-1.52.0.tgz",
            "integrity": "sha512-sPU4uV7dYlvtWJxwwxHD0PuihVNiE7TyAbQ5SWxDCB9mUYvOgroQOwYQQOKPJ8CIbE+1ETVlOoK1UC2nU3gYvg==",
            "engines": {
                "node": ">= 0.6"
            }
        },
        "node_modules/mime-types": {
            "version": "2.1.35",
            "resolved": "https://registry.npmjs.org/mime-types/-/mime-types-2.1.35.tgz",
            "integrity": "sha512-ZDY+bPm5zTTF+YpCrAU9nK0UgICYPT0QtT1NZWFv4s++TNkcgVaT0g6+4R2uI4MjQjzysHB1zxuWL50hzaeXiw==",
            "dependencies": {
                "mime-db": "1.52.0"
            },
            "engines": {
                "node": ">= 0.6"
            }
        },
        "node_modules/ms": {
            "version": "2.0.0",
            "resolved": "https://registry.npmjs.org/ms/-/ms-2.0.0.tgz",
            "integrity": "sha512-Tpp60P6IUJDTuOq/5Z8cdskzJujfwqfOTkrwIwj7IRISpnkJnT6SyJ4PCPnGMoFjC9ddhal5KVIYtAt97ix05A=="
        },
        "node_modules/nan": {
            "version": "2.17.0",
            "resolved": "https://registry.npmjs.org/nan/-/nan-2.17.0.tgz",
            "integrity": "sha512-2ZTgtl0nJsO0KQCjEpxcIr5D+Yv90plTitZt9JBfQvVJDS5seMl3FOvsh3+9CoYWXf/1l5OaZzzF6nDm4cagaQ=="
        },
        "node_modules/negotiator": {
            "version": "0.6.3",
            "resolved": "https://registry.npmjs.org/negotiator/-/negotiator-0.6.3.tgz",
            "integrity": "sha512-+EUsqGPLsM+j/zdChZjsnX51g4XrHFOIXwfnCVPGlQk/k5giakcKsuxCObBRu6DSm9opw/O6slWbJdghQM4bBg==",
            "engines": {
                "node": ">= 0.6"
            }
        },
        "node_modules/node-red-contrib-boolean-logic": {
            "version": "0.0.3",
            "resolved": "https://registry.npmjs.org/node-red-contrib-boolean-logic/-/node-red-contrib-boolean-logic-0.0.3.tgz",
            "integrity": "sha512-OGOXZf6reukjSMI5lD70uu1WlccpQOJF28KusxTEeiq8fqdSBhcyUsr93lXxfsa7g7uHvhpWHM8HgE3PYvRu2Q=="
        },
        "node_modules/node-red-contrib-simple-gate": {
            "version": "0.5.2",
            "resolved": "https://registry.npmjs.org/node-red-contrib-simple-gate/-/node-red-contrib-simple-gate-0.5.2.tgz",
            "integrity": "sha512-HhsQYt4C730aqSrBIJZZtmgfVxy1qJy11JsifVfivnrT+mthWTHXj7KRJuoP53GSH2hFdohIFVaHJQ8nOURE8g=="
        },
        "node_modules/node-red-contrib-sm-8relind": {
            "resolved": "../8relind-rpi/node-red-contrib-sm-8relind",
            "link": true
        },
        "node_modules/node-red-contrib-sm-bas": {
            "resolved": "../megabas-rpi/node-red-contrib-sm-bas",
            "link": true
        },
        "node_modules/node-red-contrib-toggle": {
            "version": "0.1.1",
            "resolved": "https://registry.npmjs.org/node-red-contrib-toggle/-/node-red-contrib-toggle-0.1.1.tgz",
            "integrity": "sha512-YrjehsMksVLPsVMMDRRQAnmTwf2winHafOkqLfjs3jjvTGsTYUfVfCOO0s+4YT5VsULmUW25MVrRqov3NcVNZw=="
        },
        "node_modules/node-red-contrib-ui-clock": {
            "version": "1.0.2",
            "resolved": "https://registry.npmjs.org/node-red-contrib-ui-clock/-/node-red-contrib-ui-clock-1.0.2.tgz",
            "integrity": "sha512-vCtzkUyKm3NVGlcm82Wydly1EFIq/IeqVwSkQwt937EQajrFhnarCCiBS2diGmU3PdGZJfpCW4jILeqnO6YWvQ==",
            "peerDependencies": {
                "node-red-dashboard": ">=2.23.2"
            }
        },
        "node_modules/node-red-contrib-ui-led": {
            "version": "0.4.11",
            "resolved": "https://registry.npmjs.org/node-red-contrib-ui-led/-/node-red-contrib-ui-led-0.4.11.tgz",
            "integrity": "sha512-7utTG2vy8uLYhExVJ7Q7VVcs1T/3AIvZJatClwn8URxx6XD+AnMXVLUAWfDr4kau+TNVhCkm+fD+rSWCeOyLAQ==",
            "peerDependencies": {
                "node-red-dashboard": ">=2.23.3"
            }
        },
        "node_modules/node-red-contrib-ui-time-scheduler": {
            "version": "1.17.2",
            "resolved": "https://registry.npmjs.org/node-red-contrib-ui-time-scheduler/-/node-red-contrib-ui-time-scheduler-1.17.2.tgz",
            "integrity": "sha512-S3V5nrqd/BVnuDxehHnjAjyo+7NODKzoXjgl4cngA72kx6EYFZu/D0pXYU88g+z6um0dkGzk5DLe1gUBafmxUA==",
            "dependencies": {
                "suncalc": "^1.9.0"
            },
            "engines": {
                "node": ">=12"
            }
        },
        "node_modules/node-red-contrib-unit-converter": {
            "version": "0.0.3",
            "resolved": "https://registry.npmjs.org/node-red-contrib-unit-converter/-/node-red-contrib-unit-converter-0.0.3.tgz",
            "integrity": "sha512-2s4vWpIHKRv6qtyvJVUpzD8d7UQiJU2xb4Pzpj2OY5dlyikqhZbLywSGLd6Kr13wdWP/IkZeLsoixX4hABd3bQ==",
            "dependencies": {
                "convert-units": "2.3.4"
            }
        },
        "node_modules/node-red-dashboard": {
            "version": "3.4.0",
            "resolved": "https://registry.npmjs.org/node-red-dashboard/-/node-red-dashboard-3.4.0.tgz",
            "integrity": "sha512-ak+E78+cs/HE83Y48OCUQa/0vfWhV7Fgqpi4+TAvh0nIGEyqn6P/bIei+alaugNU3Q4/7l6XOWN9NO+9XjMyCA==",
            "dependencies": {
                "compression": "^1.7.4",
                "gridstack": "^0.6.4",
                "serve-static": "^1.15.0",
                "socket.io": "^4.5.4"
            },
            "engines": {
                "node": ">=12"
            }
        },
        "node_modules/object-assign": {
            "version": "4.1.1",
            "resolved": "https://registry.npmjs.org/object-assign/-/object-assign-4.1.1.tgz",
            "integrity": "sha512-rJgTQnkUnH1sFw8yT6VSU3zD3sWmu6sZhIseY8VX+GRu3P6F7Fu+JNDoXfklElbLJSnc3FUQHVe4cU5hj+BcUg==",
            "engines": {
                "node": ">=0.10.0"
            }
        },
        "node_modules/on-finished": {
            "version": "2.4.1",
            "resolved": "https://registry.npmjs.org/on-finished/-/on-finished-2.4.1.tgz",
            "integrity": "sha512-oVlzkg3ENAhCk2zdv7IJwd/QUD4z2RxRwpkcGY8psCVcCYZNq4wYnVWALHM+brtuJjePWiYF/ClmuDr8Ch5+kg==",
            "dependencies": {
                "ee-first": "1.1.1"
            },
            "engines": {
                "node": ">= 0.8"
            }
        },
        "node_modules/on-headers": {
            "version": "1.0.2",
            "resolved": "https://registry.npmjs.org/on-headers/-/on-headers-1.0.2.tgz",
            "integrity": "sha512-pZAE+FJLoyITytdqK0U5s+FIpjN0JP3OzFi/u8Rx+EV5/W+JTWGXG8xFzevE7AjBfDqHv/8vL8qQsIhHnqRkrA==",
            "engines": {
                "node": ">= 0.8"
            }
        },
        "node_modules/parseurl": {
            "version": "1.3.3",
            "resolved": "https://registry.npmjs.org/parseurl/-/parseurl-1.3.3.tgz",
            "integrity": "sha512-CiyeOxFT/JZyN5m0z9PfXw4SCBJ6Sygz1Dpl0wqjlhDEGGBP1GnsUVEL0p63hoG1fcj3fHynXi9NYO4nWOL+qQ==",
            "engines": {
                "node": ">= 0.8"
            }
        },
        "node_modules/range-parser": {
            "version": "1.2.1",
            "resolved": "https://registry.npmjs.org/range-parser/-/range-parser-1.2.1.tgz",
            "integrity": "sha512-Hrgsx+orqoygnmhFbKaHE6c296J+HTAQXoxEF6gNupROmmGJRoyzfG3ccAveqCBrwr/2yxQ5BVd/GTl5agOwSg==",
            "engines": {
                "node": ">= 0.6"
            }
        },
        "node_modules/safe-buffer": {
            "version": "5.1.2",
            "resolved": "https://registry.npmjs.org/safe-buffer/-/safe-buffer-5.1.2.tgz",
            "integrity": "sha512-Gd2UZBJDkXlY7GbJxfsE8/nvKkUEU1G38c1siN6QP6a9PT9MmHB8GnpscSmMJSoF8LOIrt8ud/wPtojys4G6+g=="
        },
        "node_modules/send": {
            "version": "0.18.0",
            "resolved": "https://registry.npmjs.org/send/-/send-0.18.0.tgz",
            "integrity": "sha512-qqWzuOjSFOuqPjFe4NOsMLafToQQwBSOEpS+FwEt3A2V3vKubTquT3vmLTQpFgMXp8AlFWFuP1qKaJZOtPpVXg==",
            "dependencies": {
                "debug": "2.6.9",
                "depd": "2.0.0",
                "destroy": "1.2.0",
                "encodeurl": "~1.0.2",
                "escape-html": "~1.0.3",
                "etag": "~1.8.1",
                "fresh": "0.5.2",
                "http-errors": "2.0.0",
                "mime": "1.6.0",
                "ms": "2.1.3",
                "on-finished": "2.4.1",
                "range-parser": "~1.2.1",
                "statuses": "2.0.1"
            },
            "engines": {
                "node": ">= 0.8.0"
            }
        },
        "node_modules/send/node_modules/ms": {
            "version": "2.1.3",
            "resolved": "https://registry.npmjs.org/ms/-/ms-2.1.3.tgz",
            "integrity": "sha512-6FlzubTLZG3J2a/NVCAleEhjzq5oxgHyaCU9yYXvcLsvoVaHJq/s5xXI6/XXP6tz7R9xAOtHnSO/tXtF3WRTlA=="
        },
        "node_modules/serve-static": {
            "version": "1.15.0",
            "resolved": "https://registry.npmjs.org/serve-static/-/serve-static-1.15.0.tgz",
            "integrity": "sha512-XGuRDNjXUijsUL0vl6nSD7cwURuzEgglbOaFuZM9g3kwDXOWVTck0jLzjPzGD+TazWbboZYu52/9/XPdUgne9g==",
            "dependencies": {
                "encodeurl": "~1.0.2",
                "escape-html": "~1.0.3",
                "parseurl": "~1.3.3",
                "send": "0.18.0"
            },
            "engines": {
                "node": ">= 0.8.0"
            }
        },
        "node_modules/setprototypeof": {
            "version": "1.2.0",
            "resolved": "https://registry.npmjs.org/setprototypeof/-/setprototypeof-1.2.0.tgz",
            "integrity": "sha512-E5LDX7Wrp85Kil5bhZv46j8jOeboKq5JMmYM3gVGdGH8xFpPWXUMsNrlODCrkoxMEeNi/XZIwuRvY4XNwYMJpw=="
        },
        "node_modules/socket.io": {
            "version": "4.6.1",
            "resolved": "https://registry.npmjs.org/socket.io/-/socket.io-4.6.1.tgz",
            "integrity": "sha512-KMcaAi4l/8+xEjkRICl6ak8ySoxsYG+gG6/XfRCPJPQ/haCRIJBTL4wIl8YCsmtaBovcAXGLOShyVWQ/FG8GZA==",
            "dependencies": {
                "accepts": "~1.3.4",
                "base64id": "~2.0.0",
                "debug": "~4.3.2",
                "engine.io": "~6.4.1",
                "socket.io-adapter": "~2.5.2",
                "socket.io-parser": "~4.2.1"
            },
            "engines": {
                "node": ">=10.0.0"
            }
        },
        "node_modules/socket.io-adapter": {
            "version": "2.5.2",
            "resolved": "https://registry.npmjs.org/socket.io-adapter/-/socket.io-adapter-2.5.2.tgz",
            "integrity": "sha512-87C3LO/NOMc+eMcpcxUBebGjkpMDkNBS9tf7KJqcDsmL936EChtVva71Dw2q4tQcuVC+hAUy4an2NO/sYXmwRA==",
            "dependencies": {
                "ws": "~8.11.0"
            }
        },
        "node_modules/socket.io-parser": {
            "version": "4.2.2",
            "resolved": "https://registry.npmjs.org/socket.io-parser/-/socket.io-parser-4.2.2.tgz",
            "integrity": "sha512-DJtziuKypFkMMHCm2uIshOYC7QaylbtzQwiMYDuCKy3OPkjLzu4B2vAhTlqipRHHzrI0NJeBAizTK7X+6m1jVw==",
            "dependencies": {
                "@socket.io/component-emitter": "~3.1.0",
                "debug": "~4.3.1"
            },
            "engines": {
                "node": ">=10.0.0"
            }
        },
        "node_modules/socket.io-parser/node_modules/debug": {
            "version": "4.3.4",
            "resolved": "https://registry.npmjs.org/debug/-/debug-4.3.4.tgz",
            "integrity": "sha512-PRWFHuSU3eDtQJPvnNY7Jcket1j0t5OuOsFzPPzsekD52Zl8qUfFIPEiswXqIvHWGVHOgX+7G/vCNNhehwxfkQ==",
            "dependencies": {
                "ms": "2.1.2"
            },
            "engines": {
                "node": ">=6.0"
            },
            "peerDependenciesMeta": {
                "supports-color": {
                    "optional": true
                }
            }
        },
        "node_modules/socket.io-parser/node_modules/ms": {
            "version": "2.1.2",
            "resolved": "https://registry.npmjs.org/ms/-/ms-2.1.2.tgz",
            "integrity": "sha512-sGkPx+VjMtmA6MX27oA4FBFELFCZZ4S4XqeGOXCv68tT+jb3vk/RyaKWP0PTKyWtmLSM0b+adUTEvbs1PEaH2w=="
        },
        "node_modules/socket.io/node_modules/debug": {
            "version": "4.3.4",
            "resolved": "https://registry.npmjs.org/debug/-/debug-4.3.4.tgz",
            "integrity": "sha512-PRWFHuSU3eDtQJPvnNY7Jcket1j0t5OuOsFzPPzsekD52Zl8qUfFIPEiswXqIvHWGVHOgX+7G/vCNNhehwxfkQ==",
            "dependencies": {
                "ms": "2.1.2"
            },
            "engines": {
                "node": ">=6.0"
            },
            "peerDependenciesMeta": {
                "supports-color": {
                    "optional": true
                }
            }
        },
        "node_modules/socket.io/node_modules/ms": {
            "version": "2.1.2",
            "resolved": "https://registry.npmjs.org/ms/-/ms-2.1.2.tgz",
            "integrity": "sha512-sGkPx+VjMtmA6MX27oA4FBFELFCZZ4S4XqeGOXCv68tT+jb3vk/RyaKWP0PTKyWtmLSM0b+adUTEvbs1PEaH2w=="
        },
        "node_modules/statuses": {
            "version": "2.0.1",
            "resolved": "https://registry.npmjs.org/statuses/-/statuses-2.0.1.tgz",
            "integrity": "sha512-RwNA9Z/7PrK06rYLIzFMlaF+l73iwpzsqRIFgbMLbTcLD6cOao82TaWefPXQvB2fOC4AjuYSEndS7N/mTCbkdQ==",
            "engines": {
                "node": ">= 0.8"
            }
        },
        "node_modules/suncalc": {
            "version": "1.9.0",
            "resolved": "https://registry.npmjs.org/suncalc/-/suncalc-1.9.0.tgz",
            "integrity": "sha512-vMJ8Byp1uIPoj+wb9c1AdK4jpkSKVAywgHX0lqY7zt6+EWRRC3Z+0Ucfjy/0yxTVO1hwwchZe4uoFNqrIC24+A=="
        },
        "node_modules/toidentifier": {
            "version": "1.0.1",
            "resolved": "https://registry.npmjs.org/toidentifier/-/toidentifier-1.0.1.tgz",
            "integrity": "sha512-o5sSPKEkg/DIQNmH43V0/uerLrpzVedkUh8tGNvaeXpfpuwjKenlSox/2O/BTlZUtEe+JG7s5YhEz608PlAHRA==",
            "engines": {
                "node": ">=0.6"
            }
        },
        "node_modules/vary": {
            "version": "1.1.2",
            "resolved": "https://registry.npmjs.org/vary/-/vary-1.1.2.tgz",
            "integrity": "sha512-BNGbWLfd0eUPabhkXUVm0j8uuvREyTh5ovRa/dyow/BqAbZJyC+5fU+IzQOzmAKzYqYRAISoRhdQr3eIZ/PXqg==",
            "engines": {
                "node": ">= 0.8"
            }
        },
        "node_modules/ws": {
            "version": "8.11.0",
            "resolved": "https://registry.npmjs.org/ws/-/ws-8.11.0.tgz",
            "integrity": "sha512-HPG3wQd9sNQoT9xHyNCXoDUa+Xw/VevmY9FoHyQ+g+rrMn4j6FB4np7Z0OhdTgjx6MgQLK7jwSy1YecU1+4Asg==",
            "engines": {
                "node": ">=10.0.0"
            },
            "peerDependencies": {
                "bufferutil": "^4.0.1",
                "utf-8-validate": "^5.0.2"
            },
            "peerDependenciesMeta": {
                "bufferutil": {
                    "optional": true
                },
                "utf-8-validate": {
                    "optional": true
                }
            }
        }
    }
}
